dependencies:
- name: redis
  repository: https://charts.bitnami.com/bitnami
  version: 17.11.3
- name: rabbitmq
  repository: https://charts.bitnami.com/bitnami
  version: 11.16.2
- name: postgresql
  repository: https://charts.bitnami.com/bitnami
  version: 12.5.6
- name: mongodb
  repository: https://charts.bitnami.com/bitnami
  version: 13.15.1
- name: vault
  repository: https://charts.bitnami.com/bitnami
  version: 0.2.1
- name: minio
  repository: https://charts.bitnami.com/bitnami
  version: 12.6.4
- name: influxdb
  repository: https://helm.influxdata.com/
  version: 4.12.1
- name: grafana-loki
  repository: https://charts.bitnami.com/bitnami
  version: 2.9.1
- name: keycloak
  repository: https://charts.bitnami.com/bitnami
  version: 15.1.3
- name: traefik
  repository: https://traefik.github.io/charts
  version: 23.1.0
digest: sha256:d1ab5fee7bef43df40f9ed482db75bb5c0bbe810d68311d7ba8a5c42a9fcac3b
generated: "2023-06-06T18:21:53.610173726+02:00"
