dependencies:
- name: redis
  repository: https://charts.bitnami.com/bitnami
  version: 17.10.3
- name: rabbitmq
  repository: https://charts.bitnami.com/bitnami
  version: 11.15.2
- name: postgresql
  repository: https://charts.bitnami.com/bitnami
  version: 12.5.2
- name: mongodb
  repository: https://charts.bitnami.com/bitnami
  version: 13.13.0
- name: vault
  repository: https://charts.bitnami.com/bitnami
  version: 0.1.2
- name: minio
  repository: https://charts.bitnami.com/bitnami
  version: 12.6.0
- name: influxdb
  repository: https://charts.bitnami.com/bitnami
  version: 5.5.2
- name: grafana-loki
  repository: https://charts.bitnami.com/bitnami
  version: 2.8.1
digest: sha256:5c28b8822a833cf09cebdfa848d739ac00155b69ff2fa9da56ad70f25b50934e
generated: "2023-05-17T15:33:46.786160024+02:00"
